<?xml version="1.0" encoding="utf-8"?>
<Project ToolsVersion="4.0" xmlns="http://schemas.microsoft.com/developer/msbuild/2003">
  <ItemGroup>
    <Filter Include="源文件">
      <UniqueIdentifier>{4FC737F1-C7A5-4376-A066-2A32D752A2FF}</UniqueIdentifier>
      <Extensions>cpp;c;cc;cxx;c++;cppm;ixx;def;odl;idl;hpj;bat;asm;asmx</Extensions>
    </Filter>
    <Filter Include="资源文件">
      <UniqueIdentifier>{67DA6AB6-F800-4c08-8B7A-83BB121AAD01}</UniqueIdentifier>
      <Extensions>rc;ico;cur;bmp;dlg;rc2;rct;bin;rgs;gif;jpg;jpeg;jpe;resx;tiff;tif;png;wav;mfcribbon-ms</Extensions>
    </Filter>
    <Filter Include="check">
      <UniqueIdentifier>{dfa6d658-fda7-4d41-8e4f-8340d571dde7}</UniqueIdentifier>
    </Filter>
    <Filter Include="map">
      <UniqueIdentifier>{4e1643aa-e5d1-42c5-8b9e-024229acf745}</UniqueIdentifier>
    </Filter>
    <Filter Include="value">
      <UniqueIdentifier>{c7322b25-3142-47c5-8b99-9adf18d911a0}</UniqueIdentifier>
    </Filter>
  </ItemGroup>
  <ItemGroup>
    <ClCompile Include="main.cpp">
      <Filter>源文件</Filter>
    </ClCompile>
    <ClCompile Include="map.cpp">
      <Filter>map</Filter>
    </ClCompile>
    <ClCompile Include="check.cpp">
      <Filter>check</Filter>
    </ClCompile>
  </ItemGroup>
  <ItemGroup>
    <ClInclude Include="map.h">
      <Filter>map</Filter>
    </ClInclude>
    <ClInclude Include="check.h">
      <Filter>check</Filter>
    </ClInclude>
    <ClInclude Include="value.h">
      <Filter>value</Filter>
    </ClInclude>
  </ItemGroup>
</Project>